
Microsoft Visual Studio Solution File, Format Version 12.00
# Visual Studio Version 17
VisualStudioVersion = 17.5.002.0
MinimumVisualStudioVersion = 10.0.40219.1
Project("{9A19103F-16F7-4668-BE54-9A1E7A4F7556}") = "Refined", "Refined.csproj", "{908EF481-4F23-4CE5-9EAD-C04D452CC09A}"
EndProject
Global
	GlobalSection(SolutionConfigurationPlatforms) = preSolution
		Debug|Any CPU = Debug|Any CPU
		Release|Any CPU = Release|Any CPU
	EndGlobalSection
	GlobalSection(ProjectConfigurationPlatforms) = postSolution
		{908EF481-4F23-4CE5-9EAD-C04D452CC09A}.Debug|Any CPU.ActiveCfg = Debug|Any CPU
		{908EF481-4F23-4CE5-9EAD-C04D452CC09A}.Debug|Any CPU.Build.0 = Debug|Any CPU
		{908EF481-4F23-4CE5-9EAD-C04D452CC09A}.Release|Any CPU.ActiveCfg = Release|Any CPU
		{908EF481-4F23-4CE5-9EAD-C04D452CC09A}.Release|Any CPU.Build.0 = Release|Any CPU
	EndGlobalSection
	GlobalSection(SolutionProperties) = preSolution
		HideSolutionNode = FALSE
	EndGlobalSection
	GlobalSection(ExtensibilityGlobals) = postSolution
		SolutionGuid = {28D1ED07-5CE9-4921-8D8C-D63FAA2D41A9}
	EndGlobalSection
EndGlobal
